
Microsoft Visual Studio Solution File, Format Version 12.00
# Visual Studio 15
VisualStudioVersion = 15.0.28307.168
MinimumVisualStudioVersion = 10.0.40219.1
Project("{FAE04EC0-301F-11D3-BF4B-00C04F79EFBC}") = "HelloWorldCore", "HelloWorldCore\HelloWorldCore.csproj", "{BC78CD15-22BA-4C6B-A4CA-897BC47E8FEA}"
EndProject
Global
	GlobalSection(SolutionConfigurationPlatforms) = preSolution
		Debug|Any CPU = Debug|Any CPU
		Release|Any CPU = Release|Any CPU
	EndGlobalSection
	GlobalSection(ProjectConfigurationPlatforms) = postSolution
		{BC78CD15-22BA-4C6B-A4CA-897BC47E8FEA}.Debug|Any CPU.ActiveCfg = Debug|Any CPU
		{BC78CD15-22BA-4C6B-A4CA-897BC47E8FEA}.Debug|Any CPU.Build.0 = Debug|Any CPU
		{BC78CD15-22BA-4C6B-A4CA-897BC47E8FEA}.Release|Any CPU.ActiveCfg = Release|Any CPU
		{BC78CD15-22BA-4C6B-A4CA-897BC47E8FEA}.Release|Any CPU.Build.0 = Release|Any CPU
	EndGlobalSection
	GlobalSection(SolutionProperties) = preSolution
		HideSolutionNode = FALSE
	EndGlobalSection
	GlobalSection(ExtensibilityGlobals) = postSolution
		SolutionGuid = {E70F9ED7-03A3-4C27-99EA-C340209F14E0}
	EndGlobalSection
EndGlobal
